
Microsoft Visual Studio Solution File, Format Version 12.00
# Visual Studio Version 17
VisualStudioVersion = 17.11.35208.52
MinimumVisualStudioVersion = 10.0.40219.1
Project("{FAE04EC0-301F-11D3-BF4B-00C04F79EFBC}") = "Budget", "Budget\Budget.csproj", "{AF54DEF8-78C3-4E5B-A359-8E42EE320F24}"
EndProject
Global
	GlobalSection(SolutionConfigurationPlatforms) = preSolution
		Debug|Any CPU = Debug|Any CPU
		Release|Any CPU = Release|Any CPU
	EndGlobalSection
	GlobalSection(ProjectConfigurationPlatforms) = postSolution
		{AF54DEF8-78C3-4E5B-A359-8E42EE320F24}.Debug|Any CPU.ActiveCfg = Debug|Any CPU
		{AF54DEF8-78C3-4E5B-A359-8E42EE320F24}.Debug|Any CPU.Build.0 = Debug|Any CPU
		{AF54DEF8-78C3-4E5B-A359-8E42EE320F24}.Release|Any CPU.ActiveCfg = Release|Any CPU
		{AF54DEF8-78C3-4E5B-A359-8E42EE320F24}.Release|Any CPU.Build.0 = Release|Any CPU
	EndGlobalSection
	GlobalSection(SolutionProperties) = preSolution
		HideSolutionNode = FALSE
	EndGlobalSection
	GlobalSection(ExtensibilityGlobals) = postSolution
		SolutionGuid = {49754206-6A22-4B12-877B-8C0D81B0ED6F}
	EndGlobalSection
EndGlobal
